// !$*UTF8*$!
{
	archiveVersion = 1;
	classes = {
	};
	objectVersion = 46;
	objects = {

/* Begin PBXBuildFile section */
		5DDCC2741CBD4CEE00DE518C /* AppDelegate.swift in Sources */ = {isa = PBXBuildFile; fileRef = 5DDCC2731CBD4CEE00DE518C /* AppDelegate.swift */; };
		5DDCC2761CBD4CEE00DE518C /* ViewController.swift in Sources */ = {isa = PBXBuildFile; fileRef = 5DDCC2751CBD4CEE00DE518C /* ViewController.swift */; };
		5DDCC2791CBD4CEE00DE518C /* Main.storyboard in Resources */ = {isa = PBXBuildFile; fileRef = 5DDCC2771CBD4CEE00DE518C /* Main.storyboard */; };
		5DDCC27B1CBD4CEE00DE518C /* Assets.xcassets in Resources */ = {isa = PBXBuildFile; fileRef = 5DDCC27A1CBD4CEE00DE518C /* Assets.xcassets */; };
		5DDCC27E1CBD4CEE00DE518C /* LaunchScreen.storyboard in Resources */ = {isa = PBXBuildFile; fileRef = 5DDCC27C1CBD4CEE00DE518C /* LaunchScreen.storyboard */; };
		5DDCC2891CBD4CEF00DE518C /* ASPTTTests.swift in Sources */ = {isa = PBXBuildFile; fileRef = 5DDCC2881CBD4CEF00DE518C /* ASPTTTests.swift */; };
		5DDCC2941CBD4CEF00DE518C /* ASPTTUITests.swift in Sources */ = {isa = PBXBuildFile; fileRef = 5DDCC2931CBD4CEF00DE518C /* ASPTTUITests.swift */; };
/* End PBXBuildFile section */

/* Begin PBXContainerItemProxy section */
		5DDCC2851CBD4CEF00DE518C /* PBXContainerItemProxy */ = {
			isa = PBXContainerItemProxy;
			containerPortal = 5DDCC2681CBD4CEE00DE518C /* Project object */;
			proxyType = 1;
			remoteGlobalIDString = 5DDCC26F1CBD4CEE00DE518C;
			remoteInfo = ASPTT;
		};
		5DDCC2901CBD4CEF00DE518C /* PBXContainerItemProxy */ = {
			isa = PBXContainerItemProxy;
			containerPortal = 5DDCC2681CBD4CEE00DE518C /* Project object */;
			proxyType = 1;
			remoteGlobalIDString = 5DDCC26F1CBD4CEE00DE518C;
			remoteInfo = ASPTT;
		};
/* End PBXContainerItemProxy section */

/* Begin PBXFileReference section */
		5DDCC2701CBD4CEE00DE518C /* ASPTT.app */ = {isa = PBXFileReference; explicitFileType = wrapper.application; includeInIndex = 0; path = ASPTT.app; sourceTree = BUILT_PRODUCTS_DIR; };
		5DDCC2731CBD4CEE00DE518C /* AppDelegate.swift */ = {isa = PBXFileReference; lastKnownFileType = sourcecode.swift; path = AppDelegate.swift; sourceTree = "<group>"; };
		5DDCC2751CBD4CEE00DE518C /* ViewController.swift */ = {isa = PBXFileReference; lastKnownFileType = sourcecode.swift; path = ViewController.swift; sourceTree = "<group>"; };
		5DDCC2781CBD4CEE00DE518C /* Base */ = {isa = PBXFileReference; lastKnownFileType = file.storyboard; name = Base; path = Base.lproj/Main.storyboard; sourceTree = "<group>"; };
		5DDCC27A1CBD4CEE00DE518C /* Assets.xcassets */ = {isa = PBXFileReference; lastKnownFileType = folder.assetcatalog; path = Assets.xcassets; sourceTree = "<group>"; };
		5DDCC27D1CBD4CEE00DE518C /* Base */ = {isa = PBXFileReference; lastKnownFileType = file.storyboard; name = Base; path = Base.lproj/LaunchScreen.storyboard; sourceTree = "<group>"; };
		5DDCC27F1CBD4CEE00DE518C /* Info.plist */ = {isa = PBXFileReference; lastKnownFileType = text.plist.xml; path = Info.plist; sourceTree = "<group>"; };
		5DDCC2841CBD4CEF00DE518C /* ASPTTTests.xctest */ = {isa = PBXFileReference; explicitFileType = wrapper.cfbundle; includeInIndex = 0; path = ASPTTTests.xctest; sourceTree = BUILT_PRODUCTS_DIR; };
		5DDCC2881CBD4CEF00DE518C /* ASPTTTests.swift */ = {isa = PBXFileReference; lastKnownFileType = sourcecode.swift; path = ASPTTTests.swift; sourceTree = "<group>"; };
		5DDCC28A1CBD4CEF00DE518C /* Info.plist */ = {isa = PBXFileReference; lastKnownFileType = text.plist.xml; path = Info.plist; sourceTree = "<group>"; };
		5DDCC28F1CBD4CEF00DE518C /* ASPTTUITests.xctest */ = {isa = PBXFileReference; explicitFileType = wrapper.cfbundle; includeInIndex = 0; path = ASPTTUITests.xctest; sourceTree = BUILT_PRODUCTS_DIR; };
		5DDCC2931CBD4CEF00DE518C /* ASPTTUITests.swift */ = {isa = PBXFileReference; lastKnownFileType = sourcecode.swift; path = ASPTTUITests.swift; sourceTree = "<group>"; };
		5DDCC2951CBD4CEF00DE518C /* Info.plist */ = {isa = PBXFileReference; lastKnownFileType = text.plist.xml; path = Info.plist; sourceTree = "<group>"; };
/* End PBXFileReference section */

/* Begin PBXFrameworksBuildPhase section */
		5DDCC26D1CBD4CEE00DE518C /* Frameworks */ = {
			isa = PBXFrameworksBuildPhase;
			buildActionMask = 2147483647;
			files = (
			);
			runOnlyForDeploymentPostprocessing = 0;
		};
		5DDCC2811CBD4CEF00DE518C /* Frameworks */ = {
			isa = PBXFrameworksBuildPhase;
			buildActionMask = 2147483647;
			files = (
			);
			runOnlyForDeploymentPostprocessing = 0;
		};
		5DDCC28C1CBD4CEF00DE518C /* Frameworks */ = {
			isa = PBXFrameworksBuildPhase;
			buildActionMask = 2147483647;
			files = (
			);
			runOnlyForDeploymentPostprocessing = 0;
		};
/* End PBXFrameworksBuildPhase section */

/* Begin PBXGroup section */
		5DDCC2671CBD4CEE00DE518C = {
			isa = PBXGroup;
			children = (
				5DDCC2721CBD4CEE00DE518C /* ASPTT */,
				5DDCC2871CBD4CEF00DE518C /* ASPTTTests */,
				5DDCC2921CBD4CEF00DE518C /* ASPTTUITests */,
				5DDCC2711CBD4CEE00DE518C /* Products */,
			);
			sourceTree = "<group>";
		};
		5DDCC2711CBD4CEE00DE518C /* Products */ = {
			isa = PBXGroup;
			children = (
				5DDCC2701CBD4CEE00DE518C /* ASPTT.app */,
				5DDCC2841CBD4CEF00DE518C /* ASPTTTests.xctest */,
				5DDCC28F1CBD4CEF00DE518C /* ASPTTUITests.xctest */,
			);
			name = Products;
			sourceTree = "<group>";
		};
		5DDCC2721CBD4CEE00DE518C /* ASPTT */ = {
			isa = PBXGroup;
			children = (
				5DDCC2731CBD4CEE00DE518C /* AppDelegate.swift */,
				5DDCC2751CBD4CEE00DE518C /* ViewController.swift */,
				5DDCC2771CBD4CEE00DE518C /* Main.storyboard */,
				5DDCC27A1CBD4CEE00DE518C /* Assets.xcassets */,
				5DDCC27C1CBD4CEE00DE518C /* LaunchScreen.storyboard */,
				5DDCC27F1CBD4CEE00DE518C /* Info.plist */,
			);
			path = ASPTT;
			sourceTree = "<group>";
		};
		5DDCC2871CBD4CEF00DE518C /* ASPTTTests */ = {
			isa = PBXGroup;
			children = (
				5DDCC2881CBD4CEF00DE518C /* ASPTTTests.swift */,
				5DDCC28A1CBD4CEF00DE518C /* Info.plist */,
			);
			path = ASPTTTests;
			sourceTree = "<group>";
		};
		5DDCC2921CBD4CEF00DE518C /* ASPTTUITests */ = {
			isa = PBXGroup;
			children = (
				5DDCC2931CBD4CEF00DE518C /* ASPTTUITests.swift */,
				5DDCC2951CBD4CEF00DE518C /* Info.plist */,
			);
			path = ASPTTUITests;
			sourceTree = "<group>";
		};
/* End PBXGroup section */

/* Begin PBXNativeTarget section */
		5DDCC26F1CBD4CEE00DE518C /* ASPTT */ = {
			isa = PBXNativeTarget;
			buildConfigurationList = 5DDCC2981CBD4CEF00DE518C /* Build configuration list for PBXNativeTarget "ASPTT" */;
			buildPhases = (
				5DDCC26C1CBD4CEE00DE518C /* Sources */,
				5DDCC26D1CBD4CEE00DE518C /* Frameworks */,
				5DDCC26E1CBD4CEE00DE518C /* Resources */,
			);
			buildRules = (
			);
			dependencies = (
			);
			name = ASPTT;
			productName = ASPTT;
			productReference = 5DDCC2701CBD4CEE00DE518C /* ASPTT.app */;
			productType = "com.apple.product-type.application";
		};
		5DDCC2831CBD4CEF00DE518C /* ASPTTTests */ = {
			isa = PBXNativeTarget;
			buildConfigurationList = 5DDCC29B1CBD4CEF00DE518C /* Build configuration list for PBXNativeTarget "ASPTTTests" */;
			buildPhases = (
				5DDCC2801CBD4CEF00DE518C /* Sources */,
				5DDCC2811CBD4CEF00DE518C /* Frameworks */,
				5DDCC2821CBD4CEF00DE518C /* Resources */,
			);
			buildRules = (
			);
			dependencies = (
				5DDCC2861CBD4CEF00DE518C /* PBXTargetDependency */,
			);
			name = ASPTTTests;
			productName = ASPTTTests;
			productReference = 5DDCC2841CBD4CEF00DE518C /* ASPTTTests.xctest */;
			productType = "com.apple.product-type.bundle.unit-test";
		};
		5DDCC28E1CBD4CEF00DE518C /* ASPTTUITests */ = {
			isa = PBXNativeTarget;
			buildConfigurationList = 5DDCC29E1CBD4CEF00DE518C /* Build configuration list for PBXNativeTarget "ASPTTUITests" */;
			buildPhases = (
				5DDCC28B1CBD4CEF00DE518C /* Sources */,
				5DDCC28C1CBD4CEF00DE518C /* Frameworks */,
				5DDCC28D1CBD4CEF00DE518C /* Resources */,
			);
			buildRules = (
			);
			dependencies = (
				5DDCC2911CBD4CEF00DE518C /* PBXTargetDependency */,
			);
			name = ASPTTUITests;
			productName = ASPTTUITests;
			productReference = 5DDCC28F1CBD4CEF00DE518C /* ASPTTUITests.xctest */;
			productType = "com.apple.product-type.bundle.ui-testing";
		};
/* End PBXNativeTarget section */

/* Begin PBXProject section */
		5DDCC2681CBD4CEE00DE518C /* Project object */ = {
			isa = PBXProject;
			attributes = {
				LastSwiftUpdateCheck = 0730;
				LastUpgradeCheck = 0730;
				ORGANIZATIONNAME = "Sullivan VITIELLO";
				TargetAttributes = {
					5DDCC26F1CBD4CEE00DE518C = {
						CreatedOnToolsVersion = 7.3;
					};
					5DDCC2831CBD4CEF00DE518C = {
						CreatedOnToolsVersion = 7.3;
						TestTargetID = 5DDCC26F1CBD4CEE00DE518C;
					};
					5DDCC28E1CBD4CEF00DE518C = {
						CreatedOnToolsVersion = 7.3;
						TestTargetID = 5DDCC26F1CBD4CEE00DE518C;
					};
				};
			};
			buildConfigurationList = 5DDCC26B1CBD4CEE00DE518C /* Build configuration list for PBXProject "ASPTT" */;
			compatibilityVersion = "Xcode 3.2";
			developmentRegion = English;
			hasScannedForEncodings = 0;
			knownRegions = (
				en,
				Base,
			);
			mainGroup = 5DDCC2671CBD4CEE00DE518C;
			productRefGroup = 5DDCC2711CBD4CEE00DE518C /* Products */;
			projectDirPath = "";
			projectRoot = "";
			targets = (
				5DDCC26F1CBD4CEE00DE518C /* ASPTT */,
				5DDCC2831CBD4CEF00DE518C /* ASPTTTests */,
				5DDCC28E1CBD4CEF00DE518C /* ASPTTUITests */,
			);
		};
/* End PBXProject section */

/* Begin PBXResourcesBuildPhase section */
		5DDCC26E1CBD4CEE00DE518C /* Resources */ = {
			isa = PBXResourcesBuildPhase;
			buildActionMask = 2147483647;
			files = (
				5DDCC27E1CBD4CEE00DE518C /* LaunchScreen.storyboard in Resources */,
				5DDCC27B1CBD4CEE00DE518C /* Assets.xcassets in Resources */,
				5DDCC2791CBD4CEE00DE518C /* Main.storyboard in Resources */,
			);
			runOnlyForDeploymentPostprocessing = 0;
		};
		5DDCC2821CBD4CEF00DE518C /* Resources */ = {
			isa = PBXResourcesBuildPhase;
			buildActionMask = 2147483647;
			files = (
			);
			runOnlyForDeploymentPostprocessing = 0;
		};
		5DDCC28D1CBD4CEF00DE518C /* Resources */ = {
			isa = PBXResourcesBuildPhase;
			buildActionMask = 2147483647;
			files = (
			);
			runOnlyForDeploymentPostprocessing = 0;
		};
/* End PBXResourcesBuildPhase section */

/* Begin PBXSourcesBuildPhase section */
		5DDCC26C1CBD4CEE00DE518C /* Sources */ = {
			isa = PBXSourcesBuildPhase;
			buildActionMask = 2147483647;
			files = (
				5DDCC2761CBD4CEE00DE518C /* ViewController.swift in Sources */,
				5DDCC2741CBD4CEE00DE518C /* AppDelegate.swift in Sources */,
			);
			runOnlyForDeploymentPostprocessing = 0;
		};
		5DDCC2801CBD4CEF00DE518C /* Sources */ = {
			isa = PBXSourcesBuildPhase;
			buildActionMask = 2147483647;
			files = (
				5DDCC2891CBD4CEF00DE518C /* ASPTTTests.swift in Sources */,
			);
			runOnlyForDeploymentPostprocessing = 0;
		};
		5DDCC28B1CBD4CEF00DE518C /* Sources */ = {
			isa = PBXSourcesBuildPhase;
			buildActionMask = 2147483647;
			files = (
				5DDCC2941CBD4CEF00DE518C /* ASPTTUITests.swift in Sources */,
			);
			runOnlyForDeploymentPostprocessing = 0;
		};
/* End PBXSourcesBuildPhase section */

/* Begin PBXTargetDependency section */
		5DDCC2861CBD4CEF00DE518C /* PBXTargetDependency */ = {
			isa = PBXTargetDependency;
			target = 5DDCC26F1CBD4CEE00DE518C /* ASPTT */;
			targetProxy = 5DDCC2851CBD4CEF00DE518C /* PBXContainerItemProxy */;
		};
		5DDCC2911CBD4CEF00DE518C /* PBXTargetDependency */ = {
			isa = PBXTargetDependency;
			target = 5DDCC26F1CBD4CEE00DE518C /* ASPTT */;
			targetProxy = 5DDCC2901CBD4CEF00DE518C /* PBXContainerItemProxy */;
		};
/* End PBXTargetDependency section */

/* Begin PBXVariantGroup section */
		5DDCC2771CBD4CEE00DE518C /* Main.storyboard */ = {
			isa = PBXVariantGroup;
			children = (
				5DDCC2781CBD4CEE00DE518C /* Base */,
			);
			name = Main.storyboard;
			sourceTree = "<group>";
		};
		5DDCC27C1CBD4CEE00DE518C /* LaunchScreen.storyboard */ = {
			isa = PBXVariantGroup;
			children = (
				5DDCC27D1CBD4CEE00DE518C /* Base */,
			);
			name = LaunchScreen.storyboard;
			sourceTree = "<group>";
		};
/* End PBXVariantGroup section */

/* Begin XCBuildConfiguration section */
		5DDCC2961CBD4CEF00DE518C /* Debug */ = {
			isa = XCBuildConfiguration;
			buildSettings = {
				ALWAYS_SEARCH_USER_PATHS = NO;
				CLANG_ANALYZER_NONNULL = YES;
				CLANG_CXX_LANGUAGE_STANDARD = "gnu++0x";
				CLANG_CXX_LIBRARY = "libc++";
				CLANG_ENABLE_MODULES = YES;
				CLANG_ENABLE_OBJC_ARC = YES;
				CLANG_WARN_BOOL_CONVERSION = YES;
				CLANG_WARN_CONSTANT_CONVERSION = YES;
				CLANG_WARN_DIRECT_OBJC_ISA_USAGE = YES_ERROR;
				CLANG_WARN_EMPTY_BODY = YES;
				CLANG_WARN_ENUM_CONVERSION = YES;
				CLANG_WARN_INT_CONVERSION = YES;
				CLANG_WARN_OBJC_ROOT_CLASS = YES_ERROR;
				CLANG_WARN_UNREACHABLE_CODE = YES;
				CLANG_WARN__DUPLICATE_METHOD_MATCH = YES;
				"CODE_SIGN_IDENTITY[sdk=iphoneos*]" = "iPhone Developer";
				COPY_PHASE_STRIP = NO;
				DEBUG_INFORMATION_FORMAT = dwarf;
				ENABLE_STRICT_OBJC_MSGSEND = YES;
				ENABLE_TESTABILITY = YES;
				GCC_C_LANGUAGE_STANDARD = gnu99;
				GCC_DYNAMIC_NO_PIC = NO;
				GCC_NO_COMMON_BLOCKS = YES;
				GCC_OPTIMIZATION_LEVEL = 0;
				GCC_PREPROCESSOR_DEFINITIONS = (
					"DEBUG=1",
					"$(inherited)",
				);
				GCC_WARN_64_TO_32_BIT_CONVERSION = YES;
				GCC_WARN_ABOUT_RETURN_TYPE = YES_ERROR;
				GCC_WARN_UNDECLARED_SELECTOR = YES;
				GCC_WARN_UNINITIALIZED_AUTOS = YES_AGGRESSIVE;
				GCC_WARN_UNUSED_FUNCTION = YES;
				GCC_WARN_UNUSED_VARIABLE = YES;
				IPHONEOS_DEPLOYMENT_TARGET = 9.3;
				MTL_ENABLE_DEBUG_INFO = YES;
				ONLY_ACTIVE_ARCH = YES;
				SDKROOT = iphoneos;
				SWIFT_OPTIMIZATION_LEVEL = "-Onone";
				TARGETED_DEVICE_FAMILY = "1,2";
			};
			name = Debug;
		};
		5DDCC2971CBD4CEF00DE518C /* Release */ = {
			isa = XCBuildConfiguration;
			buildSettings = {
				ALWAYS_SEARCH_USER_PATHS = NO;
				CLANG_ANALYZER_NONNULL = YES;
				CLANG_CXX_LANGUAGE_STANDARD = "gnu++0x";
				CLANG_CXX_LIBRARY = "libc++";
				CLANG_ENABLE_MODULES = YES;
				CLANG_ENABLE_OBJC_ARC = YES;
				CLANG_WARN_BOOL_CONVERSION = YES;
				CLANG_WARN_CONSTANT_CONVERSION = YES;
				CLANG_WARN_DIRECT_OBJC_ISA_USAGE = YES_ERROR;
				CLANG_WARN_EMPTY_BODY = YES;
				CLANG_WARN_ENUM_CONVERSION = YES;
				CLANG_WARN_INT_CONVERSION = YES;
				CLANG_WARN_OBJC_ROOT_CLASS = YES_ERROR;
				CLANG_WARN_UNREACHABLE_CODE = YES;
				CLANG_WARN__DUPLICATE_METHOD_MATCH = YES;
				"CODE_SIGN_IDENTITY[sdk=iphoneos*]" = "iPhone Developer";
				COPY_PHASE_STRIP = NO;
				DEBUG_INFORMATION_FORMAT = "dwarf-with-dsym";
				ENABLE_NS_ASSERTIONS = NO;
				ENABLE_STRICT_OBJC_MSGSEND = YES;
				GCC_C_LANGUAGE_STANDARD = gnu99;
				GCC_NO_COMMON_BLOCKS = YES;
				GCC_WARN_64_TO_32_BIT_CONVERSION = YES;
				GCC_WARN_ABOUT_RETURN_TYPE = YES_ERROR;
				GCC_WARN_UNDECLARED_SELECTOR = YES;
				GCC_WARN_UNINITIALIZED_AUTOS = YES_AGGRESSIVE;
				GCC_WARN_UNUSED_FUNCTION = YES;
				GCC_WARN_UNUSED_VARIABLE = YES;
				IPHONEOS_DEPLOYMENT_TARGET = 9.3;
				MTL_ENABLE_DEBUG_INFO = NO;
				SDKROOT = iphoneos;
				TARGETED_DEVICE_FAMILY = "1,2";
				VALIDATE_PRODUCT = YES;
			};
			name = Release;
		};
		5DDCC2991CBD4CEF00DE518C /* Debug */ = {
			isa = XCBuildConfiguration;
			buildSettings = {
				ASSETCATALOG_COMPILER_APPICON_NAME = AppIcon;
				INFOPLIST_FILE = ASPTT/Info.plist;
				LD_RUNPATH_SEARCH_PATHS = "$(inherited) @executable_path/Frameworks";
				PRODUCT_BUNDLE_IDENTIFIER = "prep-ETNA.ASPTT";
				PRODUCT_NAME = "$(TARGET_NAME)";
			};
			name = Debug;
		};
		5DDCC29A1CBD4CEF00DE518C /* Release */ = {
			isa = XCBuildConfiguration;
			buildSettings = {
				ASSETCATALOG_COMPILER_APPICON_NAME = AppIcon;
				INFOPLIST_FILE = ASPTT/Info.plist;
				LD_RUNPATH_SEARCH_PATHS = "$(inherited) @executable_path/Frameworks";
				PRODUCT_BUNDLE_IDENTIFIER = "prep-ETNA.ASPTT";
				PRODUCT_NAME = "$(TARGET_NAME)";
			};
			name = Release;
		};
		5DDCC29C1CBD4CEF00DE518C /* Debug */ = {
			isa = XCBuildConfiguration;
			buildSettings = {
				BUNDLE_LOADER = "$(TEST_HOST)";
				INFOPLIST_FILE = ASPTTTests/Info.plist;
				LD_RUNPATH_SEARCH_PATHS = "$(inherited) @executable_path/Frameworks @loader_path/Frameworks";
				PRODUCT_BUNDLE_IDENTIFIER = "prep-ETNA.ASPTTTests";
				PRODUCT_NAME = "$(TARGET_NAME)";
				TEST_HOST = "$(BUILT_PRODUCTS_DIR)/ASPTT.app/ASPTT";
			};
			name = Debug;
		};
		5DDCC29D1CBD4CEF00DE518C /* Release */ = {
			isa = XCBuildConfiguration;
			buildSettings = {
				BUNDLE_LOADER = "$(TEST_HOST)";
				INFOPLIST_FILE = ASPTTTests/Info.plist;
				LD_RUNPATH_SEARCH_PATHS = "$(inherited) @executable_path/Frameworks @loader_path/Frameworks";
				PRODUCT_BUNDLE_IDENTIFIER = "prep-ETNA.ASPTTTests";
				PRODUCT_NAME = "$(TARGET_NAME)";
				TEST_HOST = "$(BUILT_PRODUCTS_DIR)/ASPTT.app/ASPTT";
			};
			name = Release;
		};
		5DDCC29F1CBD4CEF00DE518C /* Debug */ = {
			isa = XCBuildConfiguration;
			buildSettings = {
				INFOPLIST_FILE = ASPTTUITests/Info.plist;
				LD_RUNPATH_SEARCH_PATHS = "$(inherited) @executable_path/Frameworks @loader_path/Frameworks";
				PRODUCT_BUNDLE_IDENTIFIER = "prep-ETNA.ASPTTUITests";
				PRODUCT_NAME = "$(TARGET_NAME)";
				TEST_TARGET_NAME = ASPTT;
			};
			name = Debug;
		};
		5DDCC2A01CBD4CEF00DE518C /* Release */ = {
			isa = XCBuildConfiguration;
			buildSettings = {
				INFOPLIST_FILE = ASPTTUITests/Info.plist;
				LD_RUNPATH_SEARCH_PATHS = "$(inherited) @executable_path/Frameworks @loader_path/Frameworks";
				PRODUCT_BUNDLE_IDENTIFIER = "prep-ETNA.ASPTTUITests";
				PRODUCT_NAME = "$(TARGET_NAME)";
				TEST_TARGET_NAME = ASPTT;
			};
			name = Release;
		};
/* End XCBuildConfiguration section */

/* Begin XCConfigurationList section */
		5DDCC26B1CBD4CEE00DE518C /* Build configuration list for PBXProject "ASPTT" */ = {
			isa = XCConfigurationList;
			buildConfigurations = (
				5DDCC2961CBD4CEF00DE518C /* Debug */,
				5DDCC2971CBD4CEF00DE518C /* Release */,
			);
			defaultConfigurationIsVisible = 0;
			defaultConfigurationName = Release;
		};
		5DDCC2981CBD4CEF00DE518C /* Build configuration list for PBXNativeTarget "ASPTT" */ = {
			isa = XCConfigurationList;
			buildConfigurations = (
				5DDCC2991CBD4CEF00DE518C /* Debug */,
				5DDCC29A1CBD4CEF00DE518C /* Release */,
			);
			defaultConfigurationIsVisible = 0;
		};
		5DDCC29B1CBD4CEF00DE518C /* Build configuration list for PBXNativeTarget "ASPTTTests" */ = {
			isa = XCConfigurationList;
			buildConfigurations = (
				5DDCC29C1CBD4CEF00DE518C /* Debug */,
				5DDCC29D1CBD4CEF00DE518C /* Release */,
			);
			defaultConfigurationIsVisible = 0;
		};
		5DDCC29E1CBD4CEF00DE518C /* Build configuration list for PBXNativeTarget "ASPTTUITests" */ = {
			isa = XCConfigurationList;
			buildConfigurations = (
				5DDCC29F1CBD4CEF00DE518C /* Debug */,
				5DDCC2A01CBD4CEF00DE518C /* Release */,
			);
			defaultConfigurationIsVisible = 0;
		};
/* End XCConfigurationList section */
	};
	rootObject = 5DDCC2681CBD4CEE00DE518C /* Project object */;
}
